<?xml version="1.0" encoding="utf-8"?>
<Project ToolsVersion="4.0" xmlns="http://schemas.microsoft.com/developer/msbuild/2003">
  <ItemGroup>
    <Filter Include="Header">
      <UniqueIdentifier>{93995380-89BD-4b04-88EB-625FBE52EBFB}</UniqueIdentifier>
      <Extensions>h;hh;hpp;hxx;h++;hm;inl;inc;ipp;xsd</Extensions>
    </Filter>
    <Filter Include="Source">
      <UniqueIdentifier>{4FC737F1-C7A5-4376-A066-2A32D752A2FF}</UniqueIdentifier>
      <Extensions>cpp;c;cc;cxx;c++;cppm;ixx;def;odl;idl;hpj;bat;asm;asmx</Extensions>
    </Filter>
  </ItemGroup>
  <ItemGroup>
    <ClCompile Include="main.cpp">
      <Filter>Source</Filter>
    </ClCompile>
    <ClCompile Include="IEvent.cpp">
      <Filter>Source</Filter>
    </ClCompile>
    <ClCompile Include="UUID.cpp">
      <Filter>Source</Filter>
    </ClCompile>
    <ClCompile Include="Event.cpp">
      <Filter>Source</Filter>
    </ClCompile>
    <ClCompile Include="TNumber.cpp">
      <Filter>Source</Filter>
    </ClCompile>
    <ClCompile Include="Message.cpp">
      <Filter>Source</Filter>
    </ClCompile>
    <ClCompile Include="Overlapped.cpp">
      <Filter>Source</Filter>
    </ClCompile>
    <ClCompile Include="Session.cpp">
      <Filter>Source</Filter>
    </ClCompile>
    <ClCompile Include="Socket.cpp">
      <Filter>Source</Filter>
    </ClCompile>
  </ItemGroup>
  <ItemGroup>
    <ClInclude Include="pch.h">
      <Filter>Header</Filter>
    </ClInclude>
    <ClInclude Include="IEvent.h">
      <Filter>Header</Filter>
    </ClInclude>
    <ClInclude Include="TypeMagicNumber.h">
      <Filter>Header</Filter>
    </ClInclude>
    <ClInclude Include="UUID.h">
      <Filter>Header</Filter>
    </ClInclude>
    <ClInclude Include="Assert.h">
      <Filter>Header</Filter>
    </ClInclude>
    <ClInclude Include="Event.h">
      <Filter>Header</Filter>
    </ClInclude>
    <ClInclude Include="TNumber.h">
      <Filter>Header</Filter>
    </ClInclude>
    <ClInclude Include="Message.h">
      <Filter>Header</Filter>
    </ClInclude>
    <ClInclude Include="Overlapped.h">
      <Filter>Header</Filter>
    </ClInclude>
    <ClInclude Include="Session.h">
      <Filter>Header</Filter>
    </ClInclude>
    <ClInclude Include="Socket.h">
      <Filter>Header</Filter>
    </ClInclude>
  </ItemGroup>
</Project>